{
  "name": "app",
  "version": "1.0.0",
  "lockfileVersion": 1,
  "requires": true,
  "dependencies": {
    "apache-crypt": {
      "version": "1.2.5",
      "resolved": "https://registry.npmjs.org/apache-crypt/-/apache-crypt-1.2.5.tgz",
      "integrity": "sha512-ICnYQH+DFVmw+S4Q0QY2XRXD8Ne8ewh8HgbuFH4K7022zCxgHM0Hz1xkRnUlEfAXNbwp1Cnhbedu60USIfDxvg==",
      "requires": {
        "unix-crypt-td-js": "^1.1.4"
      }
    },
    "apache-md5": {
      "version": "1.1.7",
      "resolved": "https://registry.npmjs.org/apache-md5/-/apache-md5-1.1.7.tgz",
      "integrity": "sha512-JtHjzZmJxtzfTSjsCyHgPR155HBe5WGyUyHTaEkfy46qhwCFKx1Epm6nAxgUG3WfUZP1dWhGqj9Z2NOBeZ+uBw=="
    },
    "bcryptjs": {
      "version": "2.4.3",
      "resolved": "https://registry.npmjs.org/bcryptjs/-/bcryptjs-2.4.3.tgz",
      "integrity": "sha1-mrVie5PmBiH/fNrF2pczAn3x0Ms="
    },
    "http-auth": {
      "version": "4.1.9",
      "resolved": "https://registry.npmjs.org/http-auth/-/http-auth-4.1.9.tgz",
      "integrity": "sha512-kvPYxNGc9EKGTXvOMnTBQw2RZfuiSihK/mLw/a4pbtRueTE45S55Lw/3k5CktIf7Ak0veMKEIteDj4YkNmCzmQ==",
      "requires": {
        "apache-crypt": "^1.1.2",
        "apache-md5": "^1.0.6",
        "bcryptjs": "^2.4.3",
        "uuid": "^8.3.2"
      }
    },
    "unix-crypt-td-js": {
      "version": "1.1.4",
      "resolved": "https://registry.npmjs.org/unix-crypt-td-js/-/unix-crypt-td-js-1.1.4.tgz",
      "integrity": "sha512-8rMeVYWSIyccIJscb9NdCfZKSRBKYTeVnwmiRYT2ulE3qd1RaDQ0xQDP+rI3ccIWbhu/zuo5cgN8z73belNZgw=="
    },
    "uuid": {
      "version": "8.3.2",
      "resolved": "https://registry.npmjs.org/uuid/-/uuid-8.3.2.tgz",
      "integrity": "sha512-+NYs2QeMWy+GWFOEm9xnn6HCDp0l7QBD7ml8zLUmJ+93Q5NF0NocErnwkTkXVFNiX3/fpC6afS8Dhb/gz7R7eg=="
    }
  }
}
